// !$*UTF8*$!
{
	archiveVersion = 1;
	classes = {
	};
	objectVersion = 56;
	objects = {

/* Begin PBXBuildFile section */
		2E5619722BAF075F00A68806 /* AveragePair.m in Sources */ = {isa = PBXBuildFile; fileRef = 2E5619712BAF075F00A68806 /* AveragePair.m */; };
		2EAFB9AF2BAC2DB0000774EA /* AreThereDuplicates.m in Sources */ = {isa = PBXBuildFile; fileRef = 2EAFB9AE2BAC2DB0000774EA /* AreThereDuplicates.m */; };
		2EBB111C2BA57CB90047A4B4 /* AddUpTo.m in Sources */ = {isa = PBXBuildFile; fileRef = 2EBB111B2BA57CB90047A4B4 /* AddUpTo.m */; };
		2ECF48D52BA43BCF00434953 /* ObjcKata.framework in Frameworks */ = {isa = PBXBuildFile; fileRef = 2ECF48CC2BA43BCF00434953 /* ObjcKata.framework */; };
		2ECF48DB2BA43BCF00434953 /* ObjcKata.h in Headers */ = {isa = PBXBuildFile; fileRef = 2ECF48CF2BA43BCF00434953 /* ObjcKata.h */; settings = {ATTRIBUTES = (Public, ); }; };
		2ED1DE2B2BCE53B200C543DB /* NestedEvenSum.m in Sources */ = {isa = PBXBuildFile; fileRef = 2ED1DE2A2BCE53B200C543DB /* NestedEvenSum.m */; };
		2EFC980B2BA99399009D302E /* Same.m in Sources */ = {isa = PBXBuildFile; fileRef = 2EFC980A2BA99399009D302E /* Same.m */; };
/* End PBXBuildFile section */

/* Begin PBXContainerItemProxy section */
		2ECF48D62BA43BCF00434953 /* PBXContainerItemProxy */ = {
			isa = PBXContainerItemProxy;
			containerPortal = 2ECF48C32BA43BCE00434953 /* Project object */;
			proxyType = 1;
			remoteGlobalIDString = 2ECF48CB2BA43BCF00434953;
			remoteInfo = ObjcKata;
		};
/* End PBXContainerItemProxy section */

/* Begin PBXFileReference section */
		2E5619712BAF075F00A68806 /* AveragePair.m */ = {isa = PBXFileReference; lastKnownFileType = sourcecode.c.objc; path = AveragePair.m; sourceTree = "<group>"; };
		2EAFB9AE2BAC2DB0000774EA /* AreThereDuplicates.m */ = {isa = PBXFileReference; lastKnownFileType = sourcecode.c.objc; path = AreThereDuplicates.m; sourceTree = "<group>"; };
		2EBB111B2BA57CB90047A4B4 /* AddUpTo.m */ = {isa = PBXFileReference; lastKnownFileType = sourcecode.c.objc; path = AddUpTo.m; sourceTree = "<group>"; };
		2ECF48CC2BA43BCF00434953 /* ObjcKata.framework */ = {isa = PBXFileReference; explicitFileType = wrapper.framework; includeInIndex = 0; path = ObjcKata.framework; sourceTree = BUILT_PRODUCTS_DIR; };
		2ECF48CF2BA43BCF00434953 /* ObjcKata.h */ = {isa = PBXFileReference; lastKnownFileType = sourcecode.c.h; path = ObjcKata.h; sourceTree = "<group>"; };
		2ECF48D42BA43BCF00434953 /* ObjcKataTests.xctest */ = {isa = PBXFileReference; explicitFileType = wrapper.cfbundle; includeInIndex = 0; path = ObjcKataTests.xctest; sourceTree = BUILT_PRODUCTS_DIR; };
		2ED1DE2A2BCE53B200C543DB /* NestedEvenSum.m */ = {isa = PBXFileReference; lastKnownFileType = sourcecode.c.objc; path = NestedEvenSum.m; sourceTree = "<group>"; };
		2EFC980A2BA99399009D302E /* Same.m */ = {isa = PBXFileReference; lastKnownFileType = sourcecode.c.objc; path = Same.m; sourceTree = "<group>"; };
/* End PBXFileReference section */

/* Begin PBXFrameworksBuildPhase section */
		2ECF48C92BA43BCF00434953 /* Frameworks */ = {
			isa = PBXFrameworksBuildPhase;
			buildActionMask = 2147483647;
			files = (
			);
			runOnlyForDeploymentPostprocessing = 0;
		};
		2ECF48D12BA43BCF00434953 /* Frameworks */ = {
			isa = PBXFrameworksBuildPhase;
			buildActionMask = 2147483647;
			files = (
				2ECF48D52BA43BCF00434953 /* ObjcKata.framework in Frameworks */,
			);
			runOnlyForDeploymentPostprocessing = 0;
		};
/* End PBXFrameworksBuildPhase section */

/* Begin PBXGroup section */
		2ECF48C22BA43BCE00434953 = {
			isa = PBXGroup;
			children = (
				2ECF48CE2BA43BCF00434953 /* ObjcKata */,
				2ECF48D82BA43BCF00434953 /* ObjcKataTests */,
				2ECF48CD2BA43BCF00434953 /* Products */,
			);
			sourceTree = "<group>";
		};
		2ECF48CD2BA43BCF00434953 /* Products */ = {
			isa = PBXGroup;
			children = (
				2ECF48CC2BA43BCF00434953 /* ObjcKata.framework */,
				2ECF48D42BA43BCF00434953 /* ObjcKataTests.xctest */,
			);
			name = Products;
			sourceTree = "<group>";
		};
		2ECF48CE2BA43BCF00434953 /* ObjcKata */ = {
			isa = PBXGroup;
			children = (
				2ECF48CF2BA43BCF00434953 /* ObjcKata.h */,
			);
			path = ObjcKata;
			sourceTree = "<group>";
		};
		2ECF48D82BA43BCF00434953 /* ObjcKataTests */ = {
			isa = PBXGroup;
			children = (
				2EBB111B2BA57CB90047A4B4 /* AddUpTo.m */,
				2EFC980A2BA99399009D302E /* Same.m */,
				2EAFB9AE2BAC2DB0000774EA /* AreThereDuplicates.m */,
				2E5619712BAF075F00A68806 /* AveragePair.m */,
				2ED1DE2A2BCE53B200C543DB /* NestedEvenSum.m */,
			);
			path = ObjcKataTests;
			sourceTree = "<group>";
		};
/* End PBXGroup section */

/* Begin PBXHeadersBuildPhase section */
		2ECF48C72BA43BCF00434953 /* Headers */ = {
			isa = PBXHeadersBuildPhase;
			buildActionMask = 2147483647;
			files = (
				2ECF48DB2BA43BCF00434953 /* ObjcKata.h in Headers */,
			);
			runOnlyForDeploymentPostprocessing = 0;
		};
/* End PBXHeadersBuildPhase section */

/* Begin PBXNativeTarget section */
		2ECF48CB2BA43BCF00434953 /* ObjcKata */ = {
			isa = PBXNativeTarget;
			buildConfigurationList = 2ECF48DE2BA43BCF00434953 /* Build configuration list for PBXNativeTarget "ObjcKata" */;
			buildPhases = (
				2ECF48C72BA43BCF00434953 /* Headers */,
				2ECF48C82BA43BCF00434953 /* Sources */,
				2ECF48C92BA43BCF00434953 /* Frameworks */,
				2ECF48CA2BA43BCF00434953 /* Resources */,
			);
			buildRules = (
			);
			dependencies = (
			);
			name = ObjcKata;
			productName = ObjcKata;
			productReference = 2ECF48CC2BA43BCF00434953 /* ObjcKata.framework */;
			productType = "com.apple.product-type.framework";
		};
		2ECF48D32BA43BCF00434953 /* ObjcKataTests */ = {
			isa = PBXNativeTarget;
			buildConfigurationList = 2ECF48E12BA43BCF00434953 /* Build configuration list for PBXNativeTarget "ObjcKataTests" */;
			buildPhases = (
				2ECF48D02BA43BCF00434953 /* Sources */,
				2ECF48D12BA43BCF00434953 /* Frameworks */,
				2ECF48D22BA43BCF00434953 /* Resources */,
			);
			buildRules = (
			);
			dependencies = (
				2ECF48D72BA43BCF00434953 /* PBXTargetDependency */,
			);
			name = ObjcKataTests;
			productName = ObjcKataTests;
			productReference = 2ECF48D42BA43BCF00434953 /* ObjcKataTests.xctest */;
			productType = "com.apple.product-type.bundle.unit-test";
		};
/* End PBXNativeTarget section */

/* Begin PBXProject section */
		2ECF48C32BA43BCE00434953 /* Project object */ = {
			isa = PBXProject;
			attributes = {
				BuildIndependentTargetsInParallel = 1;
				LastUpgradeCheck = 1530;
				TargetAttributes = {
					2ECF48CB2BA43BCF00434953 = {
						CreatedOnToolsVersion = 15.3;
					};
					2ECF48D32BA43BCF00434953 = {
						CreatedOnToolsVersion = 15.3;
					};
				};
			};
			buildConfigurationList = 2ECF48C62BA43BCE00434953 /* Build configuration list for PBXProject "ObjcKata" */;
			compatibilityVersion = "Xcode 14.0";
			developmentRegion = en;
			hasScannedForEncodings = 0;
			knownRegions = (
				en,
				Base,
			);
			mainGroup = 2ECF48C22BA43BCE00434953;
			productRefGroup = 2ECF48CD2BA43BCF00434953 /* Products */;
			projectDirPath = "";
			projectRoot = "";
			targets = (
				2ECF48CB2BA43BCF00434953 /* ObjcKata */,
				2ECF48D32BA43BCF00434953 /* ObjcKataTests */,
			);
		};
/* End PBXProject section */

/* Begin PBXResourcesBuildPhase section */
		2ECF48CA2BA43BCF00434953 /* Resources */ = {
			isa = PBXResourcesBuildPhase;
			buildActionMask = 2147483647;
			files = (
			);
			runOnlyForDeploymentPostprocessing = 0;
		};
		2ECF48D22BA43BCF00434953 /* Resources */ = {
			isa = PBXResourcesBuildPhase;
			buildActionMask = 2147483647;
			files = (
			);
			runOnlyForDeploymentPostprocessing = 0;
		};
/* End PBXResourcesBuildPhase section */

/* Begin PBXSourcesBuildPhase section */
		2ECF48C82BA43BCF00434953 /* Sources */ = {
			isa = PBXSourcesBuildPhase;
			buildActionMask = 2147483647;
			files = (
			);
			runOnlyForDeploymentPostprocessing = 0;
		};
		2ECF48D02BA43BCF00434953 /* Sources */ = {
			isa = PBXSourcesBuildPhase;
			buildActionMask = 2147483647;
			files = (
				2EAFB9AF2BAC2DB0000774EA /* AreThereDuplicates.m in Sources */,
				2EBB111C2BA57CB90047A4B4 /* AddUpTo.m in Sources */,
				2ED1DE2B2BCE53B200C543DB /* NestedEvenSum.m in Sources */,
				2EFC980B2BA99399009D302E /* Same.m in Sources */,
				2E5619722BAF075F00A68806 /* AveragePair.m in Sources */,
			);
			runOnlyForDeploymentPostprocessing = 0;
		};
/* End PBXSourcesBuildPhase section */

/* Begin PBXTargetDependency section */
		2ECF48D72BA43BCF00434953 /* PBXTargetDependency */ = {
			isa = PBXTargetDependency;
			target = 2ECF48CB2BA43BCF00434953 /* ObjcKata */;
			targetProxy = 2ECF48D62BA43BCF00434953 /* PBXContainerItemProxy */;
		};
/* End PBXTargetDependency section */

/* Begin XCBuildConfiguration section */
		2ECF48DC2BA43BCF00434953 /* Debug */ = {
			isa = XCBuildConfiguration;
			buildSettings = {
				ALWAYS_SEARCH_USER_PATHS = NO;
				ASSETCATALOG_COMPILER_GENERATE_SWIFT_ASSET_SYMBOL_EXTENSIONS = YES;
				CLANG_ANALYZER_NONNULL = YES;
				CLANG_ANALYZER_NUMBER_OBJECT_CONVERSION = YES_AGGRESSIVE;
				CLANG_CXX_LANGUAGE_STANDARD = "gnu++20";
				CLANG_ENABLE_MODULES = YES;
				CLANG_ENABLE_OBJC_ARC = YES;
				CLANG_ENABLE_OBJC_WEAK = YES;
				CLANG_WARN_BLOCK_CAPTURE_AUTORELEASING = YES;
				CLANG_WARN_BOOL_CONVERSION = YES;
				CLANG_WARN_COMMA = YES;
				CLANG_WARN_CONSTANT_CONVERSION = YES;
				CLANG_WARN_DEPRECATED_OBJC_IMPLEMENTATIONS = YES;
				CLANG_WARN_DIRECT_OBJC_ISA_USAGE = YES_ERROR;
				CLANG_WARN_DOCUMENTATION_COMMENTS = YES;
				CLANG_WARN_EMPTY_BODY = YES;
				CLANG_WARN_ENUM_CONVERSION = YES;
				CLANG_WARN_INFINITE_RECURSION = YES;
				CLANG_WARN_INT_CONVERSION = YES;
				CLANG_WARN_NON_LITERAL_NULL_CONVERSION = YES;
				CLANG_WARN_OBJC_IMPLICIT_RETAIN_SELF = YES;
				CLANG_WARN_OBJC_LITERAL_CONVERSION = YES;
				CLANG_WARN_OBJC_ROOT_CLASS = YES_ERROR;
				CLANG_WARN_QUOTED_INCLUDE_IN_FRAMEWORK_HEADER = YES;
				CLANG_WARN_RANGE_LOOP_ANALYSIS = YES;
				CLANG_WARN_STRICT_PROTOTYPES = YES;
				CLANG_WARN_SUSPICIOUS_MOVE = YES;
				CLANG_WARN_UNGUARDED_AVAILABILITY = YES_AGGRESSIVE;
				CLANG_WARN_UNREACHABLE_CODE = YES;
				CLANG_WARN__DUPLICATE_METHOD_MATCH = YES;
				COPY_PHASE_STRIP = NO;
				CURRENT_PROJECT_VERSION = 1;
				DEBUG_INFORMATION_FORMAT = dwarf;
				ENABLE_STRICT_OBJC_MSGSEND = YES;
				ENABLE_TESTABILITY = YES;
				ENABLE_USER_SCRIPT_SANDBOXING = YES;
				GCC_C_LANGUAGE_STANDARD = gnu17;
				GCC_DYNAMIC_NO_PIC = NO;
				GCC_NO_COMMON_BLOCKS = YES;
				GCC_OPTIMIZATION_LEVEL = 0;
				GCC_PREPROCESSOR_DEFINITIONS = (
					"DEBUG=1",
					"$(inherited)",
				);
				GCC_WARN_64_TO_32_BIT_CONVERSION = YES;
				GCC_WARN_ABOUT_RETURN_TYPE = YES_ERROR;
				GCC_WARN_UNDECLARED_SELECTOR = YES;
				GCC_WARN_UNINITIALIZED_AUTOS = YES_AGGRESSIVE;
				GCC_WARN_UNUSED_FUNCTION = YES;
				GCC_WARN_UNUSED_VARIABLE = YES;
				LOCALIZATION_PREFERS_STRING_CATALOGS = YES;
				MACOSX_DEPLOYMENT_TARGET = 14.3;
				MTL_ENABLE_DEBUG_INFO = INCLUDE_SOURCE;
				MTL_FAST_MATH = YES;
				ONLY_ACTIVE_ARCH = YES;
				SDKROOT = macosx;
				VERSIONING_SYSTEM = "apple-generic";
				VERSION_INFO_PREFIX = "";
			};
			name = Debug;
		};
		2ECF48DD2BA43BCF00434953 /* Release */ = {
			isa = XCBuildConfiguration;
			buildSettings = {
				ALWAYS_SEARCH_USER_PATHS = NO;
				ASSETCATALOG_COMPILER_GENERATE_SWIFT_ASSET_SYMBOL_EXTENSIONS = YES;
				CLANG_ANALYZER_NONNULL = YES;
				CLANG_ANALYZER_NUMBER_OBJECT_CONVERSION = YES_AGGRESSIVE;
				CLANG_CXX_LANGUAGE_STANDARD = "gnu++20";
				CLANG_ENABLE_MODULES = YES;
				CLANG_ENABLE_OBJC_ARC = YES;
				CLANG_ENABLE_OBJC_WEAK = YES;
				CLANG_WARN_BLOCK_CAPTURE_AUTORELEASING = YES;
				CLANG_WARN_BOOL_CONVERSION = YES;
				CLANG_WARN_COMMA = YES;
				CLANG_WARN_CONSTANT_CONVERSION = YES;
				CLANG_WARN_DEPRECATED_OBJC_IMPLEMENTATIONS = YES;
				CLANG_WARN_DIRECT_OBJC_ISA_USAGE = YES_ERROR;
				CLANG_WARN_DOCUMENTATION_COMMENTS = YES;
				CLANG_WARN_EMPTY_BODY = YES;
				CLANG_WARN_ENUM_CONVERSION = YES;
				CLANG_WARN_INFINITE_RECURSION = YES;
				CLANG_WARN_INT_CONVERSION = YES;
				CLANG_WARN_NON_LITERAL_NULL_CONVERSION = YES;
				CLANG_WARN_OBJC_IMPLICIT_RETAIN_SELF = YES;
				CLANG_WARN_OBJC_LITERAL_CONVERSION = YES;
				CLANG_WARN_OBJC_ROOT_CLASS = YES_ERROR;
				CLANG_WARN_QUOTED_INCLUDE_IN_FRAMEWORK_HEADER = YES;
				CLANG_WARN_RANGE_LOOP_ANALYSIS = YES;
				CLANG_WARN_STRICT_PROTOTYPES = YES;
				CLANG_WARN_SUSPICIOUS_MOVE = YES;
				CLANG_WARN_UNGUARDED_AVAILABILITY = YES_AGGRESSIVE;
				CLANG_WARN_UNREACHABLE_CODE = YES;
				CLANG_WARN__DUPLICATE_METHOD_MATCH = YES;
				COPY_PHASE_STRIP = NO;
				CURRENT_PROJECT_VERSION = 1;
				DEBUG_INFORMATION_FORMAT = "dwarf-with-dsym";
				ENABLE_NS_ASSERTIONS = NO;
				ENABLE_STRICT_OBJC_MSGSEND = YES;
				ENABLE_USER_SCRIPT_SANDBOXING = YES;
				GCC_C_LANGUAGE_STANDARD = gnu17;
				GCC_NO_COMMON_BLOCKS = YES;
				GCC_WARN_64_TO_32_BIT_CONVERSION = YES;
				GCC_WARN_ABOUT_RETURN_TYPE = YES_ERROR;
				GCC_WARN_UNDECLARED_SELECTOR = YES;
				GCC_WARN_UNINITIALIZED_AUTOS = YES_AGGRESSIVE;
				GCC_WARN_UNUSED_FUNCTION = YES;
				GCC_WARN_UNUSED_VARIABLE = YES;
				LOCALIZATION_PREFERS_STRING_CATALOGS = YES;
				MACOSX_DEPLOYMENT_TARGET = 14.3;
				MTL_ENABLE_DEBUG_INFO = NO;
				MTL_FAST_MATH = YES;
				SDKROOT = macosx;
				VERSIONING_SYSTEM = "apple-generic";
				VERSION_INFO_PREFIX = "";
			};
			name = Release;
		};
		2ECF48DF2BA43BCF00434953 /* Debug */ = {
			isa = XCBuildConfiguration;
			buildSettings = {
				CODE_SIGN_STYLE = Automatic;
				COMBINE_HIDPI_IMAGES = YES;
				CURRENT_PROJECT_VERSION = 1;
				DEFINES_MODULE = YES;
				DEVELOPMENT_TEAM = 8U849676MP;
				DYLIB_COMPATIBILITY_VERSION = 1;
				DYLIB_CURRENT_VERSION = 1;
				DYLIB_INSTALL_NAME_BASE = "@rpath";
				ENABLE_MODULE_VERIFIER = YES;
				GENERATE_INFOPLIST_FILE = YES;
				INFOPLIST_KEY_NSHumanReadableCopyright = "";
				INSTALL_PATH = "$(LOCAL_LIBRARY_DIR)/Frameworks";
				LD_RUNPATH_SEARCH_PATHS = (
					"$(inherited)",
					"@executable_path/../Frameworks",
					"@loader_path/Frameworks",
				);
				MARKETING_VERSION = 1.0;
				MODULE_VERIFIER_SUPPORTED_LANGUAGES = "objective-c objective-c++";
				MODULE_VERIFIER_SUPPORTED_LANGUAGE_STANDARDS = "gnu17 gnu++20";
				PRODUCT_BUNDLE_IDENTIFIER = com.volodymyroniuk.ObjcKata;
				PRODUCT_NAME = "$(TARGET_NAME:c99extidentifier)";
				SKIP_INSTALL = YES;
				SWIFT_EMIT_LOC_STRINGS = YES;
			};
			name = Debug;
		};
		2ECF48E02BA43BCF00434953 /* Release */ = {
			isa = XCBuildConfiguration;
			buildSettings = {
				CODE_SIGN_STYLE = Automatic;
				COMBINE_HIDPI_IMAGES = YES;
				CURRENT_PROJECT_VERSION = 1;
				DEFINES_MODULE = YES;
				DEVELOPMENT_TEAM = 8U849676MP;
				DYLIB_COMPATIBILITY_VERSION = 1;
				DYLIB_CURRENT_VERSION = 1;
				DYLIB_INSTALL_NAME_BASE = "@rpath";
				ENABLE_MODULE_VERIFIER = YES;
				GENERATE_INFOPLIST_FILE = YES;
				INFOPLIST_KEY_NSHumanReadableCopyright = "";
				INSTALL_PATH = "$(LOCAL_LIBRARY_DIR)/Frameworks";
				LD_RUNPATH_SEARCH_PATHS = (
					"$(inherited)",
					"@executable_path/../Frameworks",
					"@loader_path/Frameworks",
				);
				MARKETING_VERSION = 1.0;
				MODULE_VERIFIER_SUPPORTED_LANGUAGES = "objective-c objective-c++";
				MODULE_VERIFIER_SUPPORTED_LANGUAGE_STANDARDS = "gnu17 gnu++20";
				PRODUCT_BUNDLE_IDENTIFIER = com.volodymyroniuk.ObjcKata;
				PRODUCT_NAME = "$(TARGET_NAME:c99extidentifier)";
				SKIP_INSTALL = YES;
				SWIFT_EMIT_LOC_STRINGS = YES;
			};
			name = Release;
		};
		2ECF48E22BA43BCF00434953 /* Debug */ = {
			isa = XCBuildConfiguration;
			buildSettings = {
				CODE_SIGN_STYLE = Automatic;
				CURRENT_PROJECT_VERSION = 1;
				DEVELOPMENT_TEAM = 8U849676MP;
				GENERATE_INFOPLIST_FILE = YES;
				MARKETING_VERSION = 1.0;
				PRODUCT_BUNDLE_IDENTIFIER = com.volodymyroniuk.ObjcKataTests;
				PRODUCT_NAME = "$(TARGET_NAME)";
				SWIFT_EMIT_LOC_STRINGS = NO;
			};
			name = Debug;
		};
		2ECF48E32BA43BCF00434953 /* Release */ = {
			isa = XCBuildConfiguration;
			buildSettings = {
				CODE_SIGN_STYLE = Automatic;
				CURRENT_PROJECT_VERSION = 1;
				DEVELOPMENT_TEAM = 8U849676MP;
				GENERATE_INFOPLIST_FILE = YES;
				MARKETING_VERSION = 1.0;
				PRODUCT_BUNDLE_IDENTIFIER = com.volodymyroniuk.ObjcKataTests;
				PRODUCT_NAME = "$(TARGET_NAME)";
				SWIFT_EMIT_LOC_STRINGS = NO;
			};
			name = Release;
		};
/* End XCBuildConfiguration section */

/* Begin XCConfigurationList section */
		2ECF48C62BA43BCE00434953 /* Build configuration list for PBXProject "ObjcKata" */ = {
			isa = XCConfigurationList;
			buildConfigurations = (
				2ECF48DC2BA43BCF00434953 /* Debug */,
				2ECF48DD2BA43BCF00434953 /* Release */,
			);
			defaultConfigurationIsVisible = 0;
			defaultConfigurationName = Release;
		};
		2ECF48DE2BA43BCF00434953 /* Build configuration list for PBXNativeTarget "ObjcKata" */ = {
			isa = XCConfigurationList;
			buildConfigurations = (
				2ECF48DF2BA43BCF00434953 /* Debug */,
				2ECF48E02BA43BCF00434953 /* Release */,
			);
			defaultConfigurationIsVisible = 0;
			defaultConfigurationName = Release;
		};
		2ECF48E12BA43BCF00434953 /* Build configuration list for PBXNativeTarget "ObjcKataTests" */ = {
			isa = XCConfigurationList;
			buildConfigurations = (
				2ECF48E22BA43BCF00434953 /* Debug */,
				2ECF48E32BA43BCF00434953 /* Release */,
			);
			defaultConfigurationIsVisible = 0;
			defaultConfigurationName = Release;
		};
/* End XCConfigurationList section */
	};
	rootObject = 2ECF48C32BA43BCE00434953 /* Project object */;
}
